<?xml version="1.0" encoding="utf-8"?>
<Project ToolsVersion="4.0" xmlns="http://schemas.microsoft.com/developer/msbuild/2003">
  <ItemGroup>
    <Filter Include="Fichiers sources">
      <UniqueIdentifier>{4FC737F1-C7A5-4376-A066-2A32D752A2FF}</UniqueIdentifier>
      <Extensions>cpp;c;cc;cxx;c++;cppm;ixx;def;odl;idl;hpj;bat;asm;asmx</Extensions>
    </Filter>
    <Filter Include="Fichiers d%27en-tête">
      <UniqueIdentifier>{93995380-89BD-4b04-88EB-625FBE52EBFB}</UniqueIdentifier>
      <Extensions>h;hh;hpp;hxx;h++;hm;inl;inc;ipp;xsd</Extensions>
    </Filter>
    <Filter Include="Fichiers de ressources">
      <UniqueIdentifier>{67DA6AB6-F800-4c08-8B7A-83BB121AAD01}</UniqueIdentifier>
      <Extensions>rc;ico;cur;bmp;dlg;rc2;rct;bin;rgs;gif;jpg;jpeg;jpe;resx;tiff;tif;png;wav;mfcribbon-ms</Extensions>
    </Filter>
    <Filter Include="Fichiers d%27en-tête\UserInterface">
      <UniqueIdentifier>{70731a49-dd61-4a39-9d13-fd69ce6ac08a}</UniqueIdentifier>
    </Filter>
    <Filter Include="Fichiers sources\UserInterface">
      <UniqueIdentifier>{dd3c4e7b-7af5-42f4-a2a0-f510c7c4ea90}</UniqueIdentifier>
    </Filter>
    <Filter Include="Fichiers sources\RobotControl">
      <UniqueIdentifier>{6ba33117-3712-40d0-bb69-046f9bfa9833}</UniqueIdentifier>
    </Filter>
    <Filter Include="Fichiers d%27en-tête\RobotControl">
      <UniqueIdentifier>{6883b9fd-fc4d-4c0a-b9fb-d67e3912ec66}</UniqueIdentifier>
    </Filter>
    <Filter Include="Fichiers d%27en-tête\MinMax">
      <UniqueIdentifier>{daa6f059-885d-46f1-96ad-64b5e1e2fafd}</UniqueIdentifier>
    </Filter>
    <Filter Include="Fichiers sources\MinMax">
      <UniqueIdentifier>{29079d2a-4b84-4ddc-b44c-388be773a1ef}</UniqueIdentifier>
    </Filter>
  </ItemGroup>
  <ItemGroup>
    <ClCompile Include="main.cpp">
      <Filter>Fichiers sources</Filter>
    </ClCompile>
    <ClCompile Include="uiController.cpp">
      <Filter>Fichiers sources\UserInterface</Filter>
    </ClCompile>
    <ClCompile Include="MainMenu.cpp">
      <Filter>Fichiers sources\UserInterface</Filter>
    </ClCompile>
    <ClCompile Include="StateMachine.cpp">
      <Filter>Fichiers sources</Filter>
    </ClCompile>
    <ClCompile Include="GameUI.cpp">
      <Filter>Fichiers sources\UserInterface</Filter>
    </ClCompile>
    <ClCompile Include="Button.cpp">
      <Filter>Fichiers sources\UserInterface</Filter>
    </ClCompile>
    <ClCompile Include="Robot.cpp">
      <Filter>Fichiers sources\RobotControl</Filter>
    </ClCompile>
    <ClCompile Include="Negamax.cpp">
      <Filter>Fichiers sources\MinMax</Filter>
    </ClCompile>
    <ClCompile Include="Board.cpp">
      <Filter>Fichiers sources</Filter>
    </ClCompile>
  </ItemGroup>
  <ItemGroup>
    <ClInclude Include="uiController.hpp">
      <Filter>Fichiers d%27en-tête\UserInterface</Filter>
    </ClInclude>
    <ClInclude Include="MainMenu.hpp">
      <Filter>Fichiers d%27en-tête\UserInterface</Filter>
    </ClInclude>
    <ClInclude Include="StateMachine.hpp">
      <Filter>Fichiers d%27en-tête</Filter>
    </ClInclude>
    <ClInclude Include="GameUI.hpp">
      <Filter>Fichiers d%27en-tête\UserInterface</Filter>
    </ClInclude>
    <ClInclude Include="Button.hpp">
      <Filter>Fichiers d%27en-tête\UserInterface</Filter>
    </ClInclude>
    <ClInclude Include="Robot.hpp">
      <Filter>Fichiers d%27en-tête\RobotControl</Filter>
    </ClInclude>
    <ClInclude Include="Negamax.hpp">
      <Filter>Fichiers d%27en-tête\MinMax</Filter>
    </ClInclude>
    <ClInclude Include="Board.hpp">
      <Filter>Fichiers d%27en-tête</Filter>
    </ClInclude>
  </ItemGroup>
  <ItemGroup>
    <Font Include="..\Ressources\Hanged_Letters.ttf">
      <Filter>Fichiers de ressources</Filter>
    </Font>
  </ItemGroup>
</Project>